<?xml version="1.0" encoding="utf-8"?>
<Project ToolsVersion="4.0" xmlns="http://schemas.microsoft.com/developer/msbuild/2003">
  <ItemGroup>
    <ClCompile Include="exrflatten.cpp" />
    <ClCompile Include="exrsamples.cpp" />
    <ClCompile Include="helpers.cpp" />
    <ClCompile Include="DeepImage.cpp" />
    <ClCompile Include="DeepImageUtil.cpp" />
    <ClCompile Include="SimpleImage.cpp" />
    <ClCompile Include="DeepImageStroke.cpp" />
    <ClCompile Include="DeepImageMasks.cpp" />
    <ClCompile Include="EXROperation_WriteLayers.cpp" />
  </ItemGroup>
  <ItemGroup>
    <ClInclude Include="exrsamples.h" />
    <ClInclude Include="helpers.h" />
    <ClInclude Include="DeepImage.h" />
    <ClInclude Include="DeepImageUtil.h" />
    <ClInclude Include="SimpleImage.h" />
    <ClInclude Include="DeepImageStroke.h" />
    <ClInclude Include="DeepImageMasks.h" />
    <ClInclude Include="EXROperation.h" />
    <ClInclude Include="EXROperation_WriteLayers.h" />
  </ItemGroup>
</Project>