<?xml version="1.0" encoding="utf-8"?>
<Project ToolsVersion="4.0" xmlns="http://schemas.microsoft.com/developer/msbuild/2003">
  <ItemGroup>
    <ClCompile Include="exrflatten.cpp" />
    <ClCompile Include="exrsamples.cpp" />
    <ClCompile Include="helpers.cpp" />
    <ClCompile Include="getopt.c" />
  </ItemGroup>
  <ItemGroup>
    <ClInclude Include="exrsamples.h" />
    <ClInclude Include="helpers.h" />
    <ClInclude Include="getopt.h" />
  </ItemGroup>
</Project>